
Microsoft Visual Studio Solution File, Format Version 12.00
# Visual Studio Version 16
VisualStudioVersion = 16.0.29418.71
MinimumVisualStudioVersion = 10.0.40219.1
Project("{8BC9CEB8-8B4A-11D0-8D11-00A0C91BC942}") = "playground", "playground\playground.vcxproj", "{D1505E45-3B79-4CEE-9570-6B5ECAED8327}"
EndProject
Project("{8BC9CEB8-8B4A-11D0-8D11-00A0C91BC942}") = "lab2", "lab2\lab2.vcxproj", "{089BAF7A-7610-4A44-BCBB-8C302B26C213}"
EndProject
Project("{8BC9CEB8-8B4A-11D0-8D11-00A0C91BC942}") = "lab3", "lab3\lab3.vcxproj", "{BB2A285C-D979-4740-AB89-5BF3A1D06559}"
EndProject
Project("{8BC9CEB8-8B4A-11D0-8D11-00A0C91BC942}") = "lab1", "lab1\lab1.vcxproj", "{18168650-5D86-4A48-9839-458C914D951E}"
EndProject
Project("{8BC9CEB8-8B4A-11D0-8D11-00A0C91BC942}") = "SolarSystem", "SolarSystem\SolarSystem.vcxproj", "{4095EC75-39C8-4F7F-B02F-2AC37F884555}"
EndProject
Global
	GlobalSection(SolutionConfigurationPlatforms) = preSolution
		Debug|ARM = Debug|ARM
		Debug|ARM64 = Debug|ARM64
		Debug|x64 = Debug|x64
		Debug|x86 = Debug|x86
		Release|ARM = Release|ARM
		Release|ARM64 = Release|ARM64
		Release|x64 = Release|x64
		Release|x86 = Release|x86
	EndGlobalSection
	GlobalSection(ProjectConfigurationPlatforms) = postSolution
		{D1505E45-3B79-4CEE-9570-6B5ECAED8327}.Debug|ARM.ActiveCfg = Debug|Win32
		{D1505E45-3B79-4CEE-9570-6B5ECAED8327}.Debug|ARM64.ActiveCfg = Debug|Win32
		{D1505E45-3B79-4CEE-9570-6B5ECAED8327}.Debug|x64.ActiveCfg = Debug|x64
		{D1505E45-3B79-4CEE-9570-6B5ECAED8327}.Debug|x64.Build.0 = Debug|x64
		{D1505E45-3B79-4CEE-9570-6B5ECAED8327}.Debug|x86.ActiveCfg = Debug|Win32
		{D1505E45-3B79-4CEE-9570-6B5ECAED8327}.Debug|x86.Build.0 = Debug|Win32
		{D1505E45-3B79-4CEE-9570-6B5ECAED8327}.Release|ARM.ActiveCfg = Release|Win32
		{D1505E45-3B79-4CEE-9570-6B5ECAED8327}.Release|ARM64.ActiveCfg = Release|Win32
		{D1505E45-3B79-4CEE-9570-6B5ECAED8327}.Release|x64.ActiveCfg = Release|x64
		{D1505E45-3B79-4CEE-9570-6B5ECAED8327}.Release|x64.Build.0 = Release|x64
		{D1505E45-3B79-4CEE-9570-6B5ECAED8327}.Release|x86.ActiveCfg = Release|Win32
		{D1505E45-3B79-4CEE-9570-6B5ECAED8327}.Release|x86.Build.0 = Release|Win32
		{089BAF7A-7610-4A44-BCBB-8C302B26C213}.Debug|ARM.ActiveCfg = Debug|Win32
		{089BAF7A-7610-4A44-BCBB-8C302B26C213}.Debug|ARM64.ActiveCfg = Debug|Win32
		{089BAF7A-7610-4A44-BCBB-8C302B26C213}.Debug|x64.ActiveCfg = Debug|x64
		{089BAF7A-7610-4A44-BCBB-8C302B26C213}.Debug|x64.Build.0 = Debug|x64
		{089BAF7A-7610-4A44-BCBB-8C302B26C213}.Debug|x86.ActiveCfg = Debug|Win32
		{089BAF7A-7610-4A44-BCBB-8C302B26C213}.Debug|x86.Build.0 = Debug|Win32
		{089BAF7A-7610-4A44-BCBB-8C302B26C213}.Release|ARM.ActiveCfg = Release|Win32
		{089BAF7A-7610-4A44-BCBB-8C302B26C213}.Release|ARM64.ActiveCfg = Release|Win32
		{089BAF7A-7610-4A44-BCBB-8C302B26C213}.Release|x64.ActiveCfg = Release|x64
		{089BAF7A-7610-4A44-BCBB-8C302B26C213}.Release|x64.Build.0 = Release|x64
		{089BAF7A-7610-4A44-BCBB-8C302B26C213}.Release|x86.ActiveCfg = Release|Win32
		{089BAF7A-7610-4A44-BCBB-8C302B26C213}.Release|x86.Build.0 = Release|Win32
		{BB2A285C-D979-4740-AB89-5BF3A1D06559}.Debug|ARM.ActiveCfg = Debug|Win32
		{BB2A285C-D979-4740-AB89-5BF3A1D06559}.Debug|ARM64.ActiveCfg = Debug|Win32
		{BB2A285C-D979-4740-AB89-5BF3A1D06559}.Debug|x64.ActiveCfg = Debug|x64
		{BB2A285C-D979-4740-AB89-5BF3A1D06559}.Debug|x64.Build.0 = Debug|x64
		{BB2A285C-D979-4740-AB89-5BF3A1D06559}.Debug|x86.ActiveCfg = Debug|Win32
		{BB2A285C-D979-4740-AB89-5BF3A1D06559}.Debug|x86.Build.0 = Debug|Win32
		{BB2A285C-D979-4740-AB89-5BF3A1D06559}.Release|ARM.ActiveCfg = Release|Win32
		{BB2A285C-D979-4740-AB89-5BF3A1D06559}.Release|ARM64.ActiveCfg = Release|Win32
		{BB2A285C-D979-4740-AB89-5BF3A1D06559}.Release|x64.ActiveCfg = Release|x64
		{BB2A285C-D979-4740-AB89-5BF3A1D06559}.Release|x64.Build.0 = Release|x64
		{BB2A285C-D979-4740-AB89-5BF3A1D06559}.Release|x86.ActiveCfg = Release|Win32
		{BB2A285C-D979-4740-AB89-5BF3A1D06559}.Release|x86.Build.0 = Release|Win32
		{18168650-5D86-4A48-9839-458C914D951E}.Debug|ARM.ActiveCfg = Debug|Win32
		{18168650-5D86-4A48-9839-458C914D951E}.Debug|ARM64.ActiveCfg = Debug|Win32
		{18168650-5D86-4A48-9839-458C914D951E}.Debug|x64.ActiveCfg = Debug|x64
		{18168650-5D86-4A48-9839-458C914D951E}.Debug|x64.Build.0 = Debug|x64
		{18168650-5D86-4A48-9839-458C914D951E}.Debug|x86.ActiveCfg = Debug|Win32
		{18168650-5D86-4A48-9839-458C914D951E}.Debug|x86.Build.0 = Debug|Win32
		{18168650-5D86-4A48-9839-458C914D951E}.Release|ARM.ActiveCfg = Release|Win32
		{18168650-5D86-4A48-9839-458C914D951E}.Release|ARM64.ActiveCfg = Release|Win32
		{18168650-5D86-4A48-9839-458C914D951E}.Release|x64.ActiveCfg = Release|x64
		{18168650-5D86-4A48-9839-458C914D951E}.Release|x64.Build.0 = Release|x64
		{18168650-5D86-4A48-9839-458C914D951E}.Release|x86.ActiveCfg = Release|Win32
		{18168650-5D86-4A48-9839-458C914D951E}.Release|x86.Build.0 = Release|Win32
		{4095EC75-39C8-4F7F-B02F-2AC37F884555}.Debug|ARM.ActiveCfg = Debug|Win32
		{4095EC75-39C8-4F7F-B02F-2AC37F884555}.Debug|ARM64.ActiveCfg = Debug|Win32
		{4095EC75-39C8-4F7F-B02F-2AC37F884555}.Debug|x64.ActiveCfg = Debug|x64
		{4095EC75-39C8-4F7F-B02F-2AC37F884555}.Debug|x64.Build.0 = Debug|x64
		{4095EC75-39C8-4F7F-B02F-2AC37F884555}.Debug|x86.ActiveCfg = Debug|Win32
		{4095EC75-39C8-4F7F-B02F-2AC37F884555}.Debug|x86.Build.0 = Debug|Win32
		{4095EC75-39C8-4F7F-B02F-2AC37F884555}.Release|ARM.ActiveCfg = Release|Win32
		{4095EC75-39C8-4F7F-B02F-2AC37F884555}.Release|ARM64.ActiveCfg = Release|Win32
		{4095EC75-39C8-4F7F-B02F-2AC37F884555}.Release|x64.ActiveCfg = Release|x64
		{4095EC75-39C8-4F7F-B02F-2AC37F884555}.Release|x64.Build.0 = Release|x64
		{4095EC75-39C8-4F7F-B02F-2AC37F884555}.Release|x86.ActiveCfg = Release|Win32
		{4095EC75-39C8-4F7F-B02F-2AC37F884555}.Release|x86.Build.0 = Release|Win32
	EndGlobalSection
	GlobalSection(SolutionProperties) = preSolution
		HideSolutionNode = FALSE
	EndGlobalSection
	GlobalSection(ExtensibilityGlobals) = postSolution
		SolutionGuid = {862E8C60-6040-4FF8-B524-A36BD5FD4160}
	EndGlobalSection
EndGlobal
